
Microsoft Visual Studio Solution File, Format Version 12.00
# Visual Studio Version 17
VisualStudioVersion = 17.2.32630.192
MinimumVisualStudioVersion = 10.0.40219.1
Project("{9A19103F-16F7-4668-BE54-9A1E7A4F7556}") = "Dapper_CRUD_Api", "Dapper_CRUD_Api\Dapper_CRUD_Api.csproj", "{6C3057A5-A037-47A6-8E0C-FCF6356D5818}"
EndProject
Project("{9A19103F-16F7-4668-BE54-9A1E7A4F7556}") = "Datas", "Datas\Datas.csproj", "{94FBC077-3124-4067-8CCD-10AED656A76D}"
EndProject
Project("{E53339B2-1760-4266-BCC7-CA923CBCF16C}") = "docker-compose", "docker-compose.dcproj", "{B8E614FA-5605-4ADB-825E-4BFA1F56E40B}"
EndProject
Global
	GlobalSection(SolutionConfigurationPlatforms) = preSolution
		Debug|Any CPU = Debug|Any CPU
		Release|Any CPU = Release|Any CPU
	EndGlobalSection
	GlobalSection(ProjectConfigurationPlatforms) = postSolution
		{6C3057A5-A037-47A6-8E0C-FCF6356D5818}.Debug|Any CPU.ActiveCfg = Debug|Any CPU
		{6C3057A5-A037-47A6-8E0C-FCF6356D5818}.Debug|Any CPU.Build.0 = Debug|Any CPU
		{6C3057A5-A037-47A6-8E0C-FCF6356D5818}.Release|Any CPU.ActiveCfg = Release|Any CPU
		{6C3057A5-A037-47A6-8E0C-FCF6356D5818}.Release|Any CPU.Build.0 = Release|Any CPU
		{94FBC077-3124-4067-8CCD-10AED656A76D}.Debug|Any CPU.ActiveCfg = Debug|Any CPU
		{94FBC077-3124-4067-8CCD-10AED656A76D}.Debug|Any CPU.Build.0 = Debug|Any CPU
		{94FBC077-3124-4067-8CCD-10AED656A76D}.Release|Any CPU.ActiveCfg = Release|Any CPU
		{94FBC077-3124-4067-8CCD-10AED656A76D}.Release|Any CPU.Build.0 = Release|Any CPU
		{B8E614FA-5605-4ADB-825E-4BFA1F56E40B}.Debug|Any CPU.ActiveCfg = Debug|Any CPU
		{B8E614FA-5605-4ADB-825E-4BFA1F56E40B}.Debug|Any CPU.Build.0 = Debug|Any CPU
		{B8E614FA-5605-4ADB-825E-4BFA1F56E40B}.Release|Any CPU.ActiveCfg = Release|Any CPU
		{B8E614FA-5605-4ADB-825E-4BFA1F56E40B}.Release|Any CPU.Build.0 = Release|Any CPU
	EndGlobalSection
	GlobalSection(SolutionProperties) = preSolution
		HideSolutionNode = FALSE
	EndGlobalSection
	GlobalSection(ExtensibilityGlobals) = postSolution
		SolutionGuid = {F895D64D-7FBF-4A1C-819D-91C78D83B986}
	EndGlobalSection
EndGlobal
